
Microsoft Visual Studio Solution File, Format Version 12.00
# Visual Studio 15
VisualStudioVersion = 15.0.28307.329
MinimumVisualStudioVersion = 10.0.40219.1
Project("{2150E333-8FDC-42A3-9474-1A3956D46DE8}") = "evpp", "evpp", "{E283F16C-F48A-421B-BC80-C11296229897}"
EndProject
Project("{8BC9CEB8-8B4A-11D0-8D11-00A0C91BC942}") = "evpp_static", "Deps\evpp\vsprojects\libevpp.vcxproj", "{4877AA94-AD55-407F-9ED3-D4503FAB2A7F}"
EndProject
Project("{2150E333-8FDC-42A3-9474-1A3956D46DE8}") = "glog", "glog", "{044685D2-4110-4CAB-9A24-229945421694}"
EndProject
Project("{2150E333-8FDC-42A3-9474-1A3956D46DE8}") = "libevent", "libevent", "{94B0FF07-8653-4DE0-9B7C-785A9E12C6A2}"
EndProject
Project("{8BC9CEB8-8B4A-11D0-8D11-00A0C91BC942}") = "glog", "Deps\glog\vsprojects\glog.vcxproj", "{4A9EE14B-2D60-39E4-B042-6EF67E6821D4}"
EndProject
Project("{8BC9CEB8-8B4A-11D0-8D11-00A0C91BC942}") = "event", "Deps\libevent\vsprojects\event.vcxproj", "{69A4CEFC-8492-39BC-8636-EFC85885C584}"
EndProject
Project("{8BC9CEB8-8B4A-11D0-8D11-00A0C91BC942}") = "event_core", "Deps\libevent\vsprojects\event_core.vcxproj", "{867A626B-B07A-347F-ABF4-9C356B8CC953}"
EndProject
Project("{8BC9CEB8-8B4A-11D0-8D11-00A0C91BC942}") = "event_extra", "Deps\libevent\vsprojects\event_extra.vcxproj", "{DBF8C94E-DFAA-3D91-A14D-273E1141B8F7}"
EndProject
Project("{8BC9CEB8-8B4A-11D0-8D11-00A0C91BC942}") = "VerifyEngine", "VerifyEngine\vsprojects\VerifyEngine.vcxproj", "{ACA44280-3DBE-425B-A86D-A6A95AFAB43F}"
EndProject
Project("{8BC9CEB8-8B4A-11D0-8D11-00A0C91BC942}") = "MultiClient", "MultiClient\vsprojects\MultiClient.vcxproj", "{7AD768F7-AFC8-4191-B5F3-8B2AAC66A39F}"
EndProject
Project("{2150E333-8FDC-42A3-9474-1A3956D46DE8}") = "protobuf", "protobuf", "{6B1BC6E1-790C-462C-9559-11C98D89FBB8}"
EndProject
Project("{8BC9CEB8-8B4A-11D0-8D11-00A0C91BC942}") = "libprotobuf", "Deps\protobuf\vsprojects\libprotobuf.vcxproj", "{418C1386-051E-340D-A805-11B9788CE979}"
EndProject
Project("{2150E333-8FDC-42A3-9474-1A3956D46DE8}") = "data", "data", "{7CDD47AC-6A55-4BD3-A023-99ADDFB2158B}"
EndProject
Project("{8BC9CEB8-8B4A-11D0-8D11-00A0C91BC942}") = "protodata", "Deps\data\vsprojects\protodata.vcxproj", "{A5B0D0C6-0B99-4BAE-99CA-0C68A99A6FDE}"
EndProject
Project("{2150E333-8FDC-42A3-9474-1A3956D46DE8}") = "poco", "poco", "{B865B3DF-72C8-47BE-B7D9-F7C54DDB50D4}"
EndProject
Project("{8BC9CEB8-8B4A-11D0-8D11-00A0C91BC942}") = "MySQL", "Deps\poco\Data\MySQL\MySQL_vs150.vcxproj", "{73E19FDE-1570-488C-B3DB-72A60FADD408}"
EndProject
Project("{8BC9CEB8-8B4A-11D0-8D11-00A0C91BC942}") = "Foundation", "Deps\poco\Foundation\Foundation_vs150.vcxproj", "{B01196CC-B693-4548-8464-2FF60499E73F}"
EndProject
Project("{8BC9CEB8-8B4A-11D0-8D11-00A0C91BC942}") = "Data", "Deps\poco\Data\Data_vs150.vcxproj", "{240E83C3-368D-11DB-9FBC-00123FC423B5}"
EndProject
Global
	GlobalSection(SolutionConfigurationPlatforms) = preSolution
		Debug|x64 = Debug|x64
		Debug|x86 = Debug|x86
		Release|x64 = Release|x64
		Release|x86 = Release|x86
	EndGlobalSection
	GlobalSection(ProjectConfigurationPlatforms) = postSolution
		{4877AA94-AD55-407F-9ED3-D4503FAB2A7F}.Debug|x64.ActiveCfg = Debug|x64
		{4877AA94-AD55-407F-9ED3-D4503FAB2A7F}.Debug|x64.Build.0 = Debug|x64
		{4877AA94-AD55-407F-9ED3-D4503FAB2A7F}.Debug|x86.ActiveCfg = Debug|Win32
		{4877AA94-AD55-407F-9ED3-D4503FAB2A7F}.Debug|x86.Build.0 = Debug|Win32
		{4877AA94-AD55-407F-9ED3-D4503FAB2A7F}.Release|x64.ActiveCfg = Release|x64
		{4877AA94-AD55-407F-9ED3-D4503FAB2A7F}.Release|x64.Build.0 = Release|x64
		{4877AA94-AD55-407F-9ED3-D4503FAB2A7F}.Release|x86.ActiveCfg = Release|Win32
		{4877AA94-AD55-407F-9ED3-D4503FAB2A7F}.Release|x86.Build.0 = Release|Win32
		{4A9EE14B-2D60-39E4-B042-6EF67E6821D4}.Debug|x64.ActiveCfg = Debug|Win32
		{4A9EE14B-2D60-39E4-B042-6EF67E6821D4}.Debug|x86.ActiveCfg = Debug|Win32
		{4A9EE14B-2D60-39E4-B042-6EF67E6821D4}.Debug|x86.Build.0 = Debug|Win32
		{4A9EE14B-2D60-39E4-B042-6EF67E6821D4}.Release|x64.ActiveCfg = Release|Win32
		{4A9EE14B-2D60-39E4-B042-6EF67E6821D4}.Release|x86.ActiveCfg = Release|Win32
		{4A9EE14B-2D60-39E4-B042-6EF67E6821D4}.Release|x86.Build.0 = Release|Win32
		{69A4CEFC-8492-39BC-8636-EFC85885C584}.Debug|x64.ActiveCfg = Debug|Win32
		{69A4CEFC-8492-39BC-8636-EFC85885C584}.Debug|x86.ActiveCfg = Debug|Win32
		{69A4CEFC-8492-39BC-8636-EFC85885C584}.Debug|x86.Build.0 = Debug|Win32
		{69A4CEFC-8492-39BC-8636-EFC85885C584}.Release|x64.ActiveCfg = Release|Win32
		{69A4CEFC-8492-39BC-8636-EFC85885C584}.Release|x86.ActiveCfg = Release|Win32
		{69A4CEFC-8492-39BC-8636-EFC85885C584}.Release|x86.Build.0 = Release|Win32
		{867A626B-B07A-347F-ABF4-9C356B8CC953}.Debug|x64.ActiveCfg = Debug|Win32
		{867A626B-B07A-347F-ABF4-9C356B8CC953}.Debug|x86.ActiveCfg = Debug|Win32
		{867A626B-B07A-347F-ABF4-9C356B8CC953}.Debug|x86.Build.0 = Debug|Win32
		{867A626B-B07A-347F-ABF4-9C356B8CC953}.Release|x64.ActiveCfg = Release|Win32
		{867A626B-B07A-347F-ABF4-9C356B8CC953}.Release|x86.ActiveCfg = Release|Win32
		{867A626B-B07A-347F-ABF4-9C356B8CC953}.Release|x86.Build.0 = Release|Win32
		{DBF8C94E-DFAA-3D91-A14D-273E1141B8F7}.Debug|x64.ActiveCfg = Debug|Win32
		{DBF8C94E-DFAA-3D91-A14D-273E1141B8F7}.Debug|x86.ActiveCfg = Debug|Win32
		{DBF8C94E-DFAA-3D91-A14D-273E1141B8F7}.Debug|x86.Build.0 = Debug|Win32
		{DBF8C94E-DFAA-3D91-A14D-273E1141B8F7}.Release|x64.ActiveCfg = Release|Win32
		{DBF8C94E-DFAA-3D91-A14D-273E1141B8F7}.Release|x86.ActiveCfg = Release|Win32
		{DBF8C94E-DFAA-3D91-A14D-273E1141B8F7}.Release|x86.Build.0 = Release|Win32
		{ACA44280-3DBE-425B-A86D-A6A95AFAB43F}.Debug|x64.ActiveCfg = Debug|x64
		{ACA44280-3DBE-425B-A86D-A6A95AFAB43F}.Debug|x64.Build.0 = Debug|x64
		{ACA44280-3DBE-425B-A86D-A6A95AFAB43F}.Debug|x86.ActiveCfg = Debug|Win32
		{ACA44280-3DBE-425B-A86D-A6A95AFAB43F}.Debug|x86.Build.0 = Debug|Win32
		{ACA44280-3DBE-425B-A86D-A6A95AFAB43F}.Release|x64.ActiveCfg = Release|x64
		{ACA44280-3DBE-425B-A86D-A6A95AFAB43F}.Release|x64.Build.0 = Release|x64
		{ACA44280-3DBE-425B-A86D-A6A95AFAB43F}.Release|x86.ActiveCfg = Release|Win32
		{ACA44280-3DBE-425B-A86D-A6A95AFAB43F}.Release|x86.Build.0 = Release|Win32
		{7AD768F7-AFC8-4191-B5F3-8B2AAC66A39F}.Debug|x64.ActiveCfg = Debug|x64
		{7AD768F7-AFC8-4191-B5F3-8B2AAC66A39F}.Debug|x64.Build.0 = Debug|x64
		{7AD768F7-AFC8-4191-B5F3-8B2AAC66A39F}.Debug|x86.ActiveCfg = Debug|Win32
		{7AD768F7-AFC8-4191-B5F3-8B2AAC66A39F}.Debug|x86.Build.0 = Debug|Win32
		{7AD768F7-AFC8-4191-B5F3-8B2AAC66A39F}.Release|x64.ActiveCfg = Release|x64
		{7AD768F7-AFC8-4191-B5F3-8B2AAC66A39F}.Release|x64.Build.0 = Release|x64
		{7AD768F7-AFC8-4191-B5F3-8B2AAC66A39F}.Release|x86.ActiveCfg = Release|Win32
		{7AD768F7-AFC8-4191-B5F3-8B2AAC66A39F}.Release|x86.Build.0 = Release|Win32
		{418C1386-051E-340D-A805-11B9788CE979}.Debug|x64.ActiveCfg = Debug|Win32
		{418C1386-051E-340D-A805-11B9788CE979}.Debug|x86.ActiveCfg = Debug|Win32
		{418C1386-051E-340D-A805-11B9788CE979}.Debug|x86.Build.0 = Debug|Win32
		{418C1386-051E-340D-A805-11B9788CE979}.Release|x64.ActiveCfg = Release|Win32
		{418C1386-051E-340D-A805-11B9788CE979}.Release|x86.ActiveCfg = Release|Win32
		{418C1386-051E-340D-A805-11B9788CE979}.Release|x86.Build.0 = Release|Win32
		{A5B0D0C6-0B99-4BAE-99CA-0C68A99A6FDE}.Debug|x64.ActiveCfg = Debug|x64
		{A5B0D0C6-0B99-4BAE-99CA-0C68A99A6FDE}.Debug|x64.Build.0 = Debug|x64
		{A5B0D0C6-0B99-4BAE-99CA-0C68A99A6FDE}.Debug|x86.ActiveCfg = Debug|Win32
		{A5B0D0C6-0B99-4BAE-99CA-0C68A99A6FDE}.Debug|x86.Build.0 = Debug|Win32
		{A5B0D0C6-0B99-4BAE-99CA-0C68A99A6FDE}.Release|x64.ActiveCfg = Release|x64
		{A5B0D0C6-0B99-4BAE-99CA-0C68A99A6FDE}.Release|x64.Build.0 = Release|x64
		{A5B0D0C6-0B99-4BAE-99CA-0C68A99A6FDE}.Release|x86.ActiveCfg = Release|Win32
		{A5B0D0C6-0B99-4BAE-99CA-0C68A99A6FDE}.Release|x86.Build.0 = Release|Win32
		{73E19FDE-1570-488C-B3DB-72A60FADD408}.Debug|x64.ActiveCfg = Debug|Win32
		{73E19FDE-1570-488C-B3DB-72A60FADD408}.Debug|x86.ActiveCfg = Debug|Win32
		{73E19FDE-1570-488C-B3DB-72A60FADD408}.Debug|x86.Build.0 = Debug|Win32
		{73E19FDE-1570-488C-B3DB-72A60FADD408}.Release|x64.ActiveCfg = Release|Win32
		{73E19FDE-1570-488C-B3DB-72A60FADD408}.Release|x86.ActiveCfg = Release|Win32
		{73E19FDE-1570-488C-B3DB-72A60FADD408}.Release|x86.Build.0 = Release|Win32
		{B01196CC-B693-4548-8464-2FF60499E73F}.Debug|x64.ActiveCfg = Debug|Win32
		{B01196CC-B693-4548-8464-2FF60499E73F}.Debug|x86.ActiveCfg = Debug|Win32
		{B01196CC-B693-4548-8464-2FF60499E73F}.Debug|x86.Build.0 = Debug|Win32
		{B01196CC-B693-4548-8464-2FF60499E73F}.Release|x64.ActiveCfg = Release|Win32
		{B01196CC-B693-4548-8464-2FF60499E73F}.Release|x86.ActiveCfg = Release|Win32
		{B01196CC-B693-4548-8464-2FF60499E73F}.Release|x86.Build.0 = Release|Win32
		{240E83C3-368D-11DB-9FBC-00123FC423B5}.Debug|x64.ActiveCfg = Debug|Win32
		{240E83C3-368D-11DB-9FBC-00123FC423B5}.Debug|x86.ActiveCfg = Debug|Win32
		{240E83C3-368D-11DB-9FBC-00123FC423B5}.Debug|x86.Build.0 = Debug|Win32
		{240E83C3-368D-11DB-9FBC-00123FC423B5}.Release|x64.ActiveCfg = Release|Win32
		{240E83C3-368D-11DB-9FBC-00123FC423B5}.Release|x86.ActiveCfg = Release|Win32
		{240E83C3-368D-11DB-9FBC-00123FC423B5}.Release|x86.Build.0 = Release|Win32
	EndGlobalSection
	GlobalSection(SolutionProperties) = preSolution
		HideSolutionNode = FALSE
	EndGlobalSection
	GlobalSection(NestedProjects) = preSolution
		{4877AA94-AD55-407F-9ED3-D4503FAB2A7F} = {E283F16C-F48A-421B-BC80-C11296229897}
		{4A9EE14B-2D60-39E4-B042-6EF67E6821D4} = {044685D2-4110-4CAB-9A24-229945421694}
		{69A4CEFC-8492-39BC-8636-EFC85885C584} = {94B0FF07-8653-4DE0-9B7C-785A9E12C6A2}
		{867A626B-B07A-347F-ABF4-9C356B8CC953} = {94B0FF07-8653-4DE0-9B7C-785A9E12C6A2}
		{DBF8C94E-DFAA-3D91-A14D-273E1141B8F7} = {94B0FF07-8653-4DE0-9B7C-785A9E12C6A2}
		{418C1386-051E-340D-A805-11B9788CE979} = {6B1BC6E1-790C-462C-9559-11C98D89FBB8}
		{7CDD47AC-6A55-4BD3-A023-99ADDFB2158B} = {6B1BC6E1-790C-462C-9559-11C98D89FBB8}
		{A5B0D0C6-0B99-4BAE-99CA-0C68A99A6FDE} = {7CDD47AC-6A55-4BD3-A023-99ADDFB2158B}
		{73E19FDE-1570-488C-B3DB-72A60FADD408} = {B865B3DF-72C8-47BE-B7D9-F7C54DDB50D4}
		{B01196CC-B693-4548-8464-2FF60499E73F} = {B865B3DF-72C8-47BE-B7D9-F7C54DDB50D4}
		{240E83C3-368D-11DB-9FBC-00123FC423B5} = {B865B3DF-72C8-47BE-B7D9-F7C54DDB50D4}
	EndGlobalSection
	GlobalSection(ExtensibilityGlobals) = postSolution
		SolutionGuid = {7D1DA6A1-5B75-45A8-BC3A-DF4D03E82BE0}
	EndGlobalSection
EndGlobal
