<?xml version="1.0" encoding="utf-8"?>
<Project ToolsVersion="4.0" xmlns="http://schemas.microsoft.com/developer/msbuild/2003">
  <ItemGroup>
    <Filter Include="源文件">
      <UniqueIdentifier>{4FC737F1-C7A5-4376-A066-2A32D752A2FF}</UniqueIdentifier>
      <Extensions>cpp;c;cc;cxx;def;odl;idl;hpj;bat;asm;asmx</Extensions>
    </Filter>
    <Filter Include="头文件">
      <UniqueIdentifier>{93995380-89BD-4b04-88EB-625FBE52EBFB}</UniqueIdentifier>
      <Extensions>h;hh;hpp;hxx;hm;inl;inc;ipp;xsd</Extensions>
    </Filter>
    <Filter Include="资源文件">
      <UniqueIdentifier>{67DA6AB6-F800-4c08-8B7A-83BB121AAD01}</UniqueIdentifier>
      <Extensions>rc;ico;cur;bmp;dlg;rc2;rct;bin;rgs;gif;jpg;jpeg;jpe;resx;tiff;tif;png;wav;mfcribbon-ms</Extensions>
    </Filter>
    <Filter Include="Public">
      <UniqueIdentifier>{92a19240-4ac5-4f7a-8858-e9419e5ebb63}</UniqueIdentifier>
    </Filter>
    <Filter Include="Gui">
      <UniqueIdentifier>{a145d5dd-e6aa-4d0e-8686-1be9a3eb27cf}</UniqueIdentifier>
    </Filter>
    <Filter Include="Gui\Files">
      <UniqueIdentifier>{f0290511-3ad0-4686-8fc9-ead3f4e3a706}</UniqueIdentifier>
    </Filter>
    <Filter Include="Gui\GeneratedFiles">
      <UniqueIdentifier>{4b1d3e0a-cac6-437f-89d8-782329bd531f}</UniqueIdentifier>
    </Filter>
    <Filter Include="Service">
      <UniqueIdentifier>{7570ab48-2806-4aa1-8b98-e943b44b39b0}</UniqueIdentifier>
    </Filter>
    <Filter Include="Public\Import">
      <UniqueIdentifier>{c0f03e83-b9d3-41de-b671-ddd3242e4fc3}</UniqueIdentifier>
    </Filter>
    <Filter Include="Action">
      <UniqueIdentifier>{6e10a1c3-a422-470d-b007-da54bcfcd6cc}</UniqueIdentifier>
    </Filter>
    <Filter Include="Action\Interface">
      <UniqueIdentifier>{d5f4cf0b-3fec-4e74-b222-a108ac41291b}</UniqueIdentifier>
    </Filter>
    <Filter Include="DataBase">
      <UniqueIdentifier>{a0de14ad-85d9-40fc-ae93-20adac5abd79}</UniqueIdentifier>
    </Filter>
  </ItemGroup>
  <ItemGroup>
    <ClInclude Include="..\..\Deps\Public\Cry.Global.h">
      <Filter>Public</Filter>
    </ClInclude>
    <ClInclude Include="..\..\Deps\Public\Cry.Port.h">
      <Filter>Public</Filter>
    </ClInclude>
    <ClInclude Include="..\Gui\ControlDialog.hpp">
      <Filter>Gui\Files</Filter>
    </ClInclude>
    <ClInclude Include="..\Entrance.h">
      <Filter>头文件</Filter>
    </ClInclude>
    <ClInclude Include="..\Service\Cry.Signal.Service.h">
      <Filter>Service</Filter>
    </ClInclude>
    <ClInclude Include="..\..\Deps\Public\Import\Cry.Event.hpp">
      <Filter>Public\Import</Filter>
    </ClInclude>
    <ClInclude Include="..\..\Deps\Public\Import\Cry.Glog.hpp">
      <Filter>Public\Import</Filter>
    </ClInclude>
    <ClInclude Include="..\Action\Cry.Group.Control.h">
      <Filter>Action</Filter>
    </ClInclude>
    <ClInclude Include="..\Action\Cry.Signal.Interface.hpp">
      <Filter>Action\Interface</Filter>
    </ClInclude>
    <ClInclude Include="..\DataBase\Cry.Signal.DataBase.h">
      <Filter>DataBase</Filter>
    </ClInclude>
    <ClInclude Include="..\DataBase\Cry.Signal.DataBasePool.h">
      <Filter>DataBase</Filter>
    </ClInclude>
  </ItemGroup>
  <ItemGroup>
    <ClCompile Include="..\Gui\ControlDialog.cpp">
      <Filter>Gui</Filter>
    </ClCompile>
    <ClCompile Include="..\Entrance.cpp">
      <Filter>源文件</Filter>
    </ClCompile>
    <ClCompile Include="..\Gui\GeneratedFiles\ControlDialogEx.cpp">
      <Filter>Gui\GeneratedFiles</Filter>
    </ClCompile>
    <ClCompile Include="..\Service\Cry.Signal.Service.cpp">
      <Filter>Service</Filter>
    </ClCompile>
    <ClCompile Include="..\Action\Cry.Group.Control.cpp">
      <Filter>Action</Filter>
    </ClCompile>
    <ClCompile Include="..\DataBase\Cry.Signal.DataBase.cpp">
      <Filter>DataBase</Filter>
    </ClCompile>
    <ClCompile Include="..\DataBase\Cry.Signal.DataBasePool.cpp">
      <Filter>DataBase</Filter>
    </ClCompile>
  </ItemGroup>
  <ItemGroup>
    <CustomBuild Include="..\Gui\ControlDialog.h">
      <Filter>Gui</Filter>
    </CustomBuild>
  </ItemGroup>
</Project>