<?xml version="1.0" encoding="utf-8"?>
<Project ToolsVersion="4.0" xmlns="http://schemas.microsoft.com/developer/msbuild/2003">
  <ItemGroup>
    <Filter Include="源文件">
      <UniqueIdentifier>{4FC737F1-C7A5-4376-A066-2A32D752A2FF}</UniqueIdentifier>
      <Extensions>cpp;c;cc;cxx;def;odl;idl;hpj;bat;asm;asmx</Extensions>
    </Filter>
    <Filter Include="头文件">
      <UniqueIdentifier>{93995380-89BD-4b04-88EB-625FBE52EBFB}</UniqueIdentifier>
      <Extensions>h;hh;hpp;hxx;hm;inl;inc;ipp;xsd</Extensions>
    </Filter>
    <Filter Include="资源文件">
      <UniqueIdentifier>{67DA6AB6-F800-4c08-8B7A-83BB121AAD01}</UniqueIdentifier>
      <Extensions>rc;ico;cur;bmp;dlg;rc2;rct;bin;rgs;gif;jpg;jpeg;jpe;resx;tiff;tif;png;wav;mfcribbon-ms</Extensions>
    </Filter>
    <Filter Include="Public">
      <UniqueIdentifier>{50f372e5-3e40-4187-a6db-26fc1b0a9278}</UniqueIdentifier>
    </Filter>
    <Filter Include="Public\Import">
      <UniqueIdentifier>{1d7fcde8-fcf6-4f53-81b2-fd867a64348b}</UniqueIdentifier>
    </Filter>
    <Filter Include="Gui">
      <UniqueIdentifier>{b2ffd1dd-c7a5-4d91-9516-4c238b047d0e}</UniqueIdentifier>
    </Filter>
    <Filter Include="Gui\Files">
      <UniqueIdentifier>{cfd30e0b-0186-44fc-b7d3-9478f88a770f}</UniqueIdentifier>
    </Filter>
    <Filter Include="Gui\GeneratedFiles">
      <UniqueIdentifier>{ba35d567-9dc8-438c-8e98-f4d3b54de2ab}</UniqueIdentifier>
    </Filter>
    <Filter Include="Service">
      <UniqueIdentifier>{35dadb73-1445-4f81-acf5-a29f220d2702}</UniqueIdentifier>
    </Filter>
    <Filter Include="Action">
      <UniqueIdentifier>{165b7572-282c-4628-abae-b667f3deaa6b}</UniqueIdentifier>
    </Filter>
    <Filter Include="Action\DataBase">
      <UniqueIdentifier>{4af3649f-b96b-485d-9431-9cc3e247c03d}</UniqueIdentifier>
    </Filter>
    <Filter Include="Action\Interface">
      <UniqueIdentifier>{91d41d42-94f0-48b1-848c-3a541ed63262}</UniqueIdentifier>
    </Filter>
  </ItemGroup>
  <ItemGroup>
    <ClInclude Include="..\..\Deps\Public\Cry.Global.h">
      <Filter>Public</Filter>
    </ClInclude>
    <ClInclude Include="..\..\Deps\Public\Cry.Import.h">
      <Filter>Public</Filter>
    </ClInclude>
    <ClInclude Include="..\..\Deps\Public\Cry.Port.h">
      <Filter>Public</Filter>
    </ClInclude>
    <ClInclude Include="..\..\Deps\Public\Import\Cry.Event.hpp">
      <Filter>Public\Import</Filter>
    </ClInclude>
    <ClInclude Include="..\..\Deps\Public\Import\Cry.Glog.hpp">
      <Filter>Public\Import</Filter>
    </ClInclude>
    <ClInclude Include="..\Entrance.h">
      <Filter>头文件</Filter>
    </ClInclude>
    <ClInclude Include="..\Gui\ClientDialog.hpp">
      <Filter>Gui\Files</Filter>
    </ClInclude>
    <ClInclude Include="..\Service\Cry.Signal.Service.h">
      <Filter>Service</Filter>
    </ClInclude>
    <ClInclude Include="..\Service\Cry.Signal.Port.h">
      <Filter>Service</Filter>
    </ClInclude>
    <ClInclude Include="..\..\Deps\Public\Interface\Cry.Signal.Interface.hpp">
      <Filter>Action\Interface</Filter>
    </ClInclude>
    <ClInclude Include="..\..\Deps\Public\Import\Cry.Proto.hpp">
      <Filter>Public\Import</Filter>
    </ClInclude>
  </ItemGroup>
  <ItemGroup>
    <ClCompile Include="..\Entrance.cpp">
      <Filter>源文件</Filter>
    </ClCompile>
    <ClCompile Include="..\Gui\ClientDialog.cpp">
      <Filter>Gui</Filter>
    </ClCompile>
    <ClCompile Include="..\Gui\GeneratedFiles\ClientDialogEx.cpp">
      <Filter>Gui\GeneratedFiles</Filter>
    </ClCompile>
    <ClCompile Include="..\Service\Cry.Signal.Service.cpp">
      <Filter>Service</Filter>
    </ClCompile>
    <ClCompile Include="..\Service\Cry.Signal.Port.cpp">
      <Filter>Service</Filter>
    </ClCompile>
  </ItemGroup>
  <ItemGroup>
    <CustomBuild Include="..\Gui\ClientDialog.h">
      <Filter>头文件</Filter>
    </CustomBuild>
  </ItemGroup>
  <ItemGroup>
    <ResourceCompile Include="Version.rc">
      <Filter>资源文件</Filter>
    </ResourceCompile>
  </ItemGroup>
</Project>